
Microsoft Visual Studio Solution File, Format Version 12.00
# Visual Studio 15
VisualStudioVersion = 15.0.27428.2015
MinimumVisualStudioVersion = 10.0.40219.1
Project("{FAE04EC0-301F-11D3-BF4B-00C04F79EFBC}") = "TinyBinderExample", "TinyBinder\TinyBinderExample.csproj", "{26F8DF84-EDE6-4C05-9BB8-F514AAD83BE6}"
EndProject
Project("{FAE04EC0-301F-11D3-BF4B-00C04F79EFBC}") = "Msi.TinyBinder", "Msi.TinyBinder\Msi.TinyBinder.csproj", "{413E9D5E-0D6C-414E-8F18-CD414DA0105C}"
EndProject
Global
	GlobalSection(SolutionConfigurationPlatforms) = preSolution
		Debug|Any CPU = Debug|Any CPU
		Release|Any CPU = Release|Any CPU
	EndGlobalSection
	GlobalSection(ProjectConfigurationPlatforms) = postSolution
		{26F8DF84-EDE6-4C05-9BB8-F514AAD83BE6}.Debug|Any CPU.ActiveCfg = Debug|Any CPU
		{26F8DF84-EDE6-4C05-9BB8-F514AAD83BE6}.Debug|Any CPU.Build.0 = Debug|Any CPU
		{26F8DF84-EDE6-4C05-9BB8-F514AAD83BE6}.Release|Any CPU.ActiveCfg = Release|Any CPU
		{26F8DF84-EDE6-4C05-9BB8-F514AAD83BE6}.Release|Any CPU.Build.0 = Release|Any CPU
		{413E9D5E-0D6C-414E-8F18-CD414DA0105C}.Debug|Any CPU.ActiveCfg = Debug|Any CPU
		{413E9D5E-0D6C-414E-8F18-CD414DA0105C}.Debug|Any CPU.Build.0 = Debug|Any CPU
		{413E9D5E-0D6C-414E-8F18-CD414DA0105C}.Release|Any CPU.ActiveCfg = Release|Any CPU
		{413E9D5E-0D6C-414E-8F18-CD414DA0105C}.Release|Any CPU.Build.0 = Release|Any CPU
	EndGlobalSection
	GlobalSection(SolutionProperties) = preSolution
		HideSolutionNode = FALSE
	EndGlobalSection
	GlobalSection(ExtensibilityGlobals) = postSolution
		SolutionGuid = {6A02BC10-DFC8-41E6-A1A5-CB1D672D3920}
	EndGlobalSection
EndGlobal
